// !$*UTF8*$!
{
	archiveVersion = 1;
	classes = {
	};
	objectVersion = 51;
	objects = {

/* Begin PBXBuildFile section */
		11147114253522710097694E /* Extensions.swift in Sources */ = {isa = PBXBuildFile; fileRef = 11147113253522710097694E /* Extensions.swift */; };
		11713F5E253566D700E1E25F /* GoogleService-Info.plist in Resources */ = {isa = PBXBuildFile; fileRef = 11713F5D253566D700E1E25F /* GoogleService-Info.plist */; };
		1181D2D0256C92AE00CA3C9F /* ChatViewController.swift in Sources */ = {isa = PBXBuildFile; fileRef = 1181D2CF256C92AE00CA3C9F /* ChatViewController.swift */; };
		1181D2F2256C9AEF00CA3C9F /* StorageManager.swift in Sources */ = {isa = PBXBuildFile; fileRef = 1181D2F1256C9AEF00CA3C9F /* StorageManager.swift */; };
		11B47BAE25394ADA00B78728 /* DatabaseManager.swift in Sources */ = {isa = PBXBuildFile; fileRef = 11B47BAD25394ADA00B78728 /* DatabaseManager.swift */; };
		11DE7AA12535065500180411 /* AppDelegate.swift in Sources */ = {isa = PBXBuildFile; fileRef = 11DE7AA02535065500180411 /* AppDelegate.swift */; };
		11DE7AA32535065500180411 /* SceneDelegate.swift in Sources */ = {isa = PBXBuildFile; fileRef = 11DE7AA22535065500180411 /* SceneDelegate.swift */; };
		11DE7AA52535065500180411 /* ConversationsViewController.swift in Sources */ = {isa = PBXBuildFile; fileRef = 11DE7AA42535065500180411 /* ConversationsViewController.swift */; };
		11DE7AA82535065500180411 /* Main.storyboard in Resources */ = {isa = PBXBuildFile; fileRef = 11DE7AA62535065500180411 /* Main.storyboard */; };
		11DE7AAA2535065700180411 /* Assets.xcassets in Resources */ = {isa = PBXBuildFile; fileRef = 11DE7AA92535065700180411 /* Assets.xcassets */; };
		11DE7AAD2535065700180411 /* LaunchScreen.storyboard in Resources */ = {isa = PBXBuildFile; fileRef = 11DE7AAB2535065700180411 /* LaunchScreen.storyboard */; };
		11DE7ABE2535089C00180411 /* LoginViewController.swift in Sources */ = {isa = PBXBuildFile; fileRef = 11DE7ABD2535089C00180411 /* LoginViewController.swift */; };
		11DE7AC2253508A900180411 /* RegisterViewController.swift in Sources */ = {isa = PBXBuildFile; fileRef = 11DE7AC1253508A900180411 /* RegisterViewController.swift */; };
		11DE7AC5253508CB00180411 /* PhotoViewerViewController.swift in Sources */ = {isa = PBXBuildFile; fileRef = 11DE7AC4253508CB00180411 /* PhotoViewerViewController.swift */; };
		11DE7AC8253508D300180411 /* VideoPlayerViewController.swift in Sources */ = {isa = PBXBuildFile; fileRef = 11DE7AC7253508D300180411 /* VideoPlayerViewController.swift */; };
		11DE7ACB253508F100180411 /* NewConversationViewController.swift in Sources */ = {isa = PBXBuildFile; fileRef = 11DE7ACA253508F100180411 /* NewConversationViewController.swift */; };
		11DE7ACE2535090000180411 /* ProfileViewController.swift in Sources */ = {isa = PBXBuildFile; fileRef = 11DE7ACD2535090000180411 /* ProfileViewController.swift */; };
		DE4A4E71ECACFC49CD75AF7F /* Pods_Messenger.framework in Frameworks */ = {isa = PBXBuildFile; fileRef = B167C7454B69D051078C1F13 /* Pods_Messenger.framework */; };
/* End PBXBuildFile section */

/* Begin PBXFileReference section */
		11147113253522710097694E /* Extensions.swift */ = {isa = PBXFileReference; lastKnownFileType = sourcecode.swift; path = Extensions.swift; sourceTree = "<group>"; };
		11713F5D253566D700E1E25F /* GoogleService-Info.plist */ = {isa = PBXFileReference; fileEncoding = 4; lastKnownFileType = text.plist.xml; path = "GoogleService-Info.plist"; sourceTree = "<group>"; };
		1181D2CF256C92AE00CA3C9F /* ChatViewController.swift */ = {isa = PBXFileReference; lastKnownFileType = sourcecode.swift; path = ChatViewController.swift; sourceTree = "<group>"; };
		1181D2F1256C9AEF00CA3C9F /* StorageManager.swift */ = {isa = PBXFileReference; lastKnownFileType = sourcecode.swift; path = StorageManager.swift; sourceTree = "<group>"; };
		11B47BAD25394ADA00B78728 /* DatabaseManager.swift */ = {isa = PBXFileReference; lastKnownFileType = sourcecode.swift; path = DatabaseManager.swift; sourceTree = "<group>"; };
		11DE7A9D2535065500180411 /* Messenger.app */ = {isa = PBXFileReference; explicitFileType = wrapper.application; includeInIndex = 0; path = Messenger.app; sourceTree = BUILT_PRODUCTS_DIR; };
		11DE7AA02535065500180411 /* AppDelegate.swift */ = {isa = PBXFileReference; lastKnownFileType = sourcecode.swift; path = AppDelegate.swift; sourceTree = "<group>"; };
		11DE7AA22535065500180411 /* SceneDelegate.swift */ = {isa = PBXFileReference; lastKnownFileType = sourcecode.swift; path = SceneDelegate.swift; sourceTree = "<group>"; };
		11DE7AA42535065500180411 /* ConversationsViewController.swift */ = {isa = PBXFileReference; lastKnownFileType = sourcecode.swift; path = ConversationsViewController.swift; sourceTree = "<group>"; };
		11DE7AA72535065500180411 /* Base */ = {isa = PBXFileReference; lastKnownFileType = file.storyboard; name = Base; path = Base.lproj/Main.storyboard; sourceTree = "<group>"; };
		11DE7AA92535065700180411 /* Assets.xcassets */ = {isa = PBXFileReference; lastKnownFileType = folder.assetcatalog; path = Assets.xcassets; sourceTree = "<group>"; };
		11DE7AAC2535065700180411 /* Base */ = {isa = PBXFileReference; lastKnownFileType = file.storyboard; name = Base; path = Base.lproj/LaunchScreen.storyboard; sourceTree = "<group>"; };
		11DE7AAE2535065700180411 /* Info.plist */ = {isa = PBXFileReference; lastKnownFileType = text.plist.xml; path = Info.plist; sourceTree = "<group>"; };
		11DE7ABD2535089C00180411 /* LoginViewController.swift */ = {isa = PBXFileReference; lastKnownFileType = sourcecode.swift; path = LoginViewController.swift; sourceTree = "<group>"; };
		11DE7AC1253508A900180411 /* RegisterViewController.swift */ = {isa = PBXFileReference; lastKnownFileType = sourcecode.swift; path = RegisterViewController.swift; sourceTree = "<group>"; };
		11DE7AC4253508CB00180411 /* PhotoViewerViewController.swift */ = {isa = PBXFileReference; lastKnownFileType = sourcecode.swift; path = PhotoViewerViewController.swift; sourceTree = "<group>"; };
		11DE7AC7253508D300180411 /* VideoPlayerViewController.swift */ = {isa = PBXFileReference; lastKnownFileType = sourcecode.swift; path = VideoPlayerViewController.swift; sourceTree = "<group>"; };
		11DE7ACA253508F100180411 /* NewConversationViewController.swift */ = {isa = PBXFileReference; lastKnownFileType = sourcecode.swift; path = NewConversationViewController.swift; sourceTree = "<group>"; };
		11DE7ACD2535090000180411 /* ProfileViewController.swift */ = {isa = PBXFileReference; lastKnownFileType = sourcecode.swift; path = ProfileViewController.swift; sourceTree = "<group>"; };
		19D4FC3DB0B7BAEE44FB0516 /* Pods-Messenger.release.xcconfig */ = {isa = PBXFileReference; includeInIndex = 1; lastKnownFileType = text.xcconfig; name = "Pods-Messenger.release.xcconfig"; path = "Target Support Files/Pods-Messenger/Pods-Messenger.release.xcconfig"; sourceTree = "<group>"; };
		B167C7454B69D051078C1F13 /* Pods_Messenger.framework */ = {isa = PBXFileReference; explicitFileType = wrapper.framework; includeInIndex = 0; path = Pods_Messenger.framework; sourceTree = BUILT_PRODUCTS_DIR; };
		D59ABD4726741E65522BCC7D /* Pods-Messenger.debug.xcconfig */ = {isa = PBXFileReference; includeInIndex = 1; lastKnownFileType = text.xcconfig; name = "Pods-Messenger.debug.xcconfig"; path = "Target Support Files/Pods-Messenger/Pods-Messenger.debug.xcconfig"; sourceTree = "<group>"; };
/* End PBXFileReference section */

/* Begin PBXFrameworksBuildPhase section */
		11DE7A9A2535065500180411 /* Frameworks */ = {
			isa = PBXFrameworksBuildPhase;
			buildActionMask = 2147483647;
			files = (
				DE4A4E71ECACFC49CD75AF7F /* Pods_Messenger.framework in Frameworks */,
			);
			runOnlyForDeploymentPostprocessing = 0;
		};
/* End PBXFrameworksBuildPhase section */

/* Begin PBXGroup section */
		0583C994A39998B0C3118137 /* Frameworks */ = {
			isa = PBXGroup;
			children = (
				B167C7454B69D051078C1F13 /* Pods_Messenger.framework */,
			);
			name = Frameworks;
			sourceTree = "<group>";
		};
		1114711125351F9B0097694E /* Authentication */ = {
			isa = PBXGroup;
			children = (
				11DE7ABD2535089C00180411 /* LoginViewController.swift */,
				11DE7AC1253508A900180411 /* RegisterViewController.swift */,
			);
			path = Authentication;
			sourceTree = "<group>";
		};
		11DE7A942535065500180411 = {
			isa = PBXGroup;
			children = (
				11DE7A9F2535065500180411 /* Messenger */,
				11DE7A9E2535065500180411 /* Products */,
				93429105804E0F7634350ACC /* Pods */,
				0583C994A39998B0C3118137 /* Frameworks */,
			);
			sourceTree = "<group>";
		};
		11DE7A9E2535065500180411 /* Products */ = {
			isa = PBXGroup;
			children = (
				11DE7A9D2535065500180411 /* Messenger.app */,
			);
			name = Products;
			sourceTree = "<group>";
		};
		11DE7A9F2535065500180411 /* Messenger */ = {
			isa = PBXGroup;
			children = (
				11DE7AB92535078400180411 /* Resources */,
				11DE7AB72535077A00180411 /* Models */,
				11DE7AB62535076B00180411 /* Controllers */,
				11DE7AB82535077E00180411 /* ViewModels */,
				11DE7AB52535076800180411 /* Views */,
				11DE7AAE2535065700180411 /* Info.plist */,
				11713F5D253566D700E1E25F /* GoogleService-Info.plist */,
			);
			path = Messenger;
			sourceTree = "<group>";
		};
		11DE7AB52535076800180411 /* Views */ = {
			isa = PBXGroup;
			children = (
				11DE7ABB253507CB00180411 /* Storyboards */,
				11DE7AA92535065700180411 /* Assets.xcassets */,
			);
			path = Views;
			sourceTree = "<group>";
		};
		11DE7AB62535076B00180411 /* Controllers */ = {
			isa = PBXGroup;
			children = (
				11DE7AA42535065500180411 /* ConversationsViewController.swift */,
				1114711125351F9B0097694E /* Authentication */,
				11DE7AC4253508CB00180411 /* PhotoViewerViewController.swift */,
				11DE7AC7253508D300180411 /* VideoPlayerViewController.swift */,
				11DE7ACA253508F100180411 /* NewConversationViewController.swift */,
				11DE7ACD2535090000180411 /* ProfileViewController.swift */,
				1181D2CF256C92AE00CA3C9F /* ChatViewController.swift */,
			);
			path = Controllers;
			sourceTree = "<group>";
		};
		11DE7AB72535077A00180411 /* Models */ = {
			isa = PBXGroup;
			children = (
			);
			path = Models;
			sourceTree = "<group>";
		};
		11DE7AB82535077E00180411 /* ViewModels */ = {
			isa = PBXGroup;
			children = (
			);
			path = ViewModels;
			sourceTree = "<group>";
		};
		11DE7AB92535078400180411 /* Resources */ = {
			isa = PBXGroup;
			children = (
				11DE7AA02535065500180411 /* AppDelegate.swift */,
				11DE7AA22535065500180411 /* SceneDelegate.swift */,
				11147113253522710097694E /* Extensions.swift */,
				11B47BAD25394ADA00B78728 /* DatabaseManager.swift */,
				1181D2F1256C9AEF00CA3C9F /* StorageManager.swift */,
			);
			path = Resources;
			sourceTree = "<group>";
		};
		11DE7ABB253507CB00180411 /* Storyboards */ = {
			isa = PBXGroup;
			children = (
				11DE7AA62535065500180411 /* Main.storyboard */,
				11DE7AAB2535065700180411 /* LaunchScreen.storyboard */,
			);
			path = Storyboards;
			sourceTree = "<group>";
		};
		93429105804E0F7634350ACC /* Pods */ = {
			isa = PBXGroup;
			children = (
				D59ABD4726741E65522BCC7D /* Pods-Messenger.debug.xcconfig */,
				19D4FC3DB0B7BAEE44FB0516 /* Pods-Messenger.release.xcconfig */,
			);
			path = Pods;
			sourceTree = "<group>";
		};
/* End PBXGroup section */

/* Begin PBXNativeTarget section */
		11DE7A9C2535065500180411 /* Messenger */ = {
			isa = PBXNativeTarget;
			buildConfigurationList = 11DE7AB12535065700180411 /* Build configuration list for PBXNativeTarget "Messenger" */;
			buildPhases = (
				7334F8C20B49D0D40EABA90B /* [CP] Check Pods Manifest.lock */,
				11DE7A992535065500180411 /* Sources */,
				11DE7A9A2535065500180411 /* Frameworks */,
				11DE7A9B2535065500180411 /* Resources */,
				C9E61FF04B962B18EB6E9474 /* [CP] Embed Pods Frameworks */,
				81B980B48F18DC3B3FCDEE11 /* [CP] Copy Pods Resources */,
			);
			buildRules = (
			);
			dependencies = (
			);
			name = Messenger;
			productName = Messenger;
			productReference = 11DE7A9D2535065500180411 /* Messenger.app */;
			productType = "com.apple.product-type.application";
		};
/* End PBXNativeTarget section */

/* Begin PBXProject section */
		11DE7A952535065500180411 /* Project object */ = {
			isa = PBXProject;
			attributes = {
				LastSwiftUpdateCheck = 1200;
				LastUpgradeCheck = 1200;
				TargetAttributes = {
					11DE7A9C2535065500180411 = {
						CreatedOnToolsVersion = 12.0.1;
					};
				};
			};
			buildConfigurationList = 11DE7A982535065500180411 /* Build configuration list for PBXProject "Messenger" */;
			compatibilityVersion = "Xcode 9.3";
			developmentRegion = en;
			hasScannedForEncodings = 0;
			knownRegions = (
				en,
				Base,
			);
			mainGroup = 11DE7A942535065500180411;
			productRefGroup = 11DE7A9E2535065500180411 /* Products */;
			projectDirPath = "";
			projectRoot = "";
			targets = (
				11DE7A9C2535065500180411 /* Messenger */,
			);
		};
/* End PBXProject section */

/* Begin PBXResourcesBuildPhase section */
		11DE7A9B2535065500180411 /* Resources */ = {
			isa = PBXResourcesBuildPhase;
			buildActionMask = 2147483647;
			files = (
				11DE7AAD2535065700180411 /* LaunchScreen.storyboard in Resources */,
				11DE7AAA2535065700180411 /* Assets.xcassets in Resources */,
				11DE7AA82535065500180411 /* Main.storyboard in Resources */,
				11713F5E253566D700E1E25F /* GoogleService-Info.plist in Resources */,
			);
			runOnlyForDeploymentPostprocessing = 0;
		};
/* End PBXResourcesBuildPhase section */

/* Begin PBXShellScriptBuildPhase section */
		7334F8C20B49D0D40EABA90B /* [CP] Check Pods Manifest.lock */ = {
			isa = PBXShellScriptBuildPhase;
			buildActionMask = 2147483647;
			files = (
			);
			inputFileListPaths = (
			);
			inputPaths = (
				"${PODS_PODFILE_DIR_PATH}/Podfile.lock",
				"${PODS_ROOT}/Manifest.lock",
			);
			name = "[CP] Check Pods Manifest.lock";
			outputFileListPaths = (
			);
			outputPaths = (
				"$(DERIVED_FILE_DIR)/Pods-Messenger-checkManifestLockResult.txt",
			);
			runOnlyForDeploymentPostprocessing = 0;
			shellPath = /bin/sh;
			shellScript = "diff \"${PODS_PODFILE_DIR_PATH}/Podfile.lock\" \"${PODS_ROOT}/Manifest.lock\" > /dev/null\nif [ $? != 0 ] ; then\n    # print error to STDERR\n    echo \"error: The sandbox is not in sync with the Podfile.lock. Run 'pod install' or update your CocoaPods installation.\" >&2\n    exit 1\nfi\n# This output is used by Xcode 'outputs' to avoid re-running this script phase.\necho \"SUCCESS\" > \"${SCRIPT_OUTPUT_FILE_0}\"\n";
			showEnvVarsInLog = 0;
		};
		81B980B48F18DC3B3FCDEE11 /* [CP] Copy Pods Resources */ = {
			isa = PBXShellScriptBuildPhase;
			buildActionMask = 2147483647;
			files = (
			);
			inputFileListPaths = (
				"${PODS_ROOT}/Target Support Files/Pods-Messenger/Pods-Messenger-resources-${CONFIGURATION}-input-files.xcfilelist",
			);
			name = "[CP] Copy Pods Resources";
			outputFileListPaths = (
				"${PODS_ROOT}/Target Support Files/Pods-Messenger/Pods-Messenger-resources-${CONFIGURATION}-output-files.xcfilelist",
			);
			runOnlyForDeploymentPostprocessing = 0;
			shellPath = /bin/sh;
			shellScript = "\"${PODS_ROOT}/Target Support Files/Pods-Messenger/Pods-Messenger-resources.sh\"\n";
			showEnvVarsInLog = 0;
		};
		C9E61FF04B962B18EB6E9474 /* [CP] Embed Pods Frameworks */ = {
			isa = PBXShellScriptBuildPhase;
			buildActionMask = 2147483647;
			files = (
			);
			inputFileListPaths = (
				"${PODS_ROOT}/Target Support Files/Pods-Messenger/Pods-Messenger-frameworks-${CONFIGURATION}-input-files.xcfilelist",
			);
			name = "[CP] Embed Pods Frameworks";
			outputFileListPaths = (
				"${PODS_ROOT}/Target Support Files/Pods-Messenger/Pods-Messenger-frameworks-${CONFIGURATION}-output-files.xcfilelist",
			);
			runOnlyForDeploymentPostprocessing = 0;
			shellPath = /bin/sh;
			shellScript = "\"${PODS_ROOT}/Target Support Files/Pods-Messenger/Pods-Messenger-frameworks.sh\"\n";
			showEnvVarsInLog = 0;
		};
/* End PBXShellScriptBuildPhase section */

/* Begin PBXSourcesBuildPhase section */
		11DE7A992535065500180411 /* Sources */ = {
			isa = PBXSourcesBuildPhase;
			buildActionMask = 2147483647;
			files = (
				11DE7ABE2535089C00180411 /* LoginViewController.swift in Sources */,
				11B47BAE25394ADA00B78728 /* DatabaseManager.swift in Sources */,
				11DE7AC2253508A900180411 /* RegisterViewController.swift in Sources */,
				11DE7ACB253508F100180411 /* NewConversationViewController.swift in Sources */,
				11DE7AA52535065500180411 /* ConversationsViewController.swift in Sources */,
				11DE7AC8253508D300180411 /* VideoPlayerViewController.swift in Sources */,
				11147114253522710097694E /* Extensions.swift in Sources */,
				11DE7AA12535065500180411 /* AppDelegate.swift in Sources */,
				11DE7ACE2535090000180411 /* ProfileViewController.swift in Sources */,
				11DE7AA32535065500180411 /* SceneDelegate.swift in Sources */,
				1181D2D0256C92AE00CA3C9F /* ChatViewController.swift in Sources */,
				11DE7AC5253508CB00180411 /* PhotoViewerViewController.swift in Sources */,
				1181D2F2256C9AEF00CA3C9F /* StorageManager.swift in Sources */,
			);
			runOnlyForDeploymentPostprocessing = 0;
		};
/* End PBXSourcesBuildPhase section */

/* Begin PBXVariantGroup section */
		11DE7AA62535065500180411 /* Main.storyboard */ = {
			isa = PBXVariantGroup;
			children = (
				11DE7AA72535065500180411 /* Base */,
			);
			name = Main.storyboard;
			sourceTree = "<group>";
		};
		11DE7AAB2535065700180411 /* LaunchScreen.storyboard */ = {
			isa = PBXVariantGroup;
			children = (
				11DE7AAC2535065700180411 /* Base */,
			);
			name = LaunchScreen.storyboard;
			sourceTree = "<group>";
		};
/* End PBXVariantGroup section */

/* Begin XCBuildConfiguration section */
		11DE7AAF2535065700180411 /* Debug */ = {
			isa = XCBuildConfiguration;
			buildSettings = {
				ALWAYS_SEARCH_USER_PATHS = NO;
				CLANG_ANALYZER_NONNULL = YES;
				CLANG_ANALYZER_NUMBER_OBJECT_CONVERSION = YES_AGGRESSIVE;
				CLANG_CXX_LANGUAGE_STANDARD = "gnu++14";
				CLANG_CXX_LIBRARY = "libc++";
				CLANG_ENABLE_MODULES = YES;
				CLANG_ENABLE_OBJC_ARC = YES;
				CLANG_ENABLE_OBJC_WEAK = YES;
				CLANG_WARN_BLOCK_CAPTURE_AUTORELEASING = YES;
				CLANG_WARN_BOOL_CONVERSION = YES;
				CLANG_WARN_COMMA = YES;
				CLANG_WARN_CONSTANT_CONVERSION = YES;
				CLANG_WARN_DEPRECATED_OBJC_IMPLEMENTATIONS = YES;
				CLANG_WARN_DIRECT_OBJC_ISA_USAGE = YES_ERROR;
				CLANG_WARN_DOCUMENTATION_COMMENTS = YES;
				CLANG_WARN_EMPTY_BODY = YES;
				CLANG_WARN_ENUM_CONVERSION = YES;
				CLANG_WARN_INFINITE_RECURSION = YES;
				CLANG_WARN_INT_CONVERSION = YES;
				CLANG_WARN_NON_LITERAL_NULL_CONVERSION = YES;
				CLANG_WARN_OBJC_IMPLICIT_RETAIN_SELF = YES;
				CLANG_WARN_OBJC_LITERAL_CONVERSION = YES;
				CLANG_WARN_OBJC_ROOT_CLASS = YES_ERROR;
				CLANG_WARN_QUOTED_INCLUDE_IN_FRAMEWORK_HEADER = YES;
				CLANG_WARN_RANGE_LOOP_ANALYSIS = YES;
				CLANG_WARN_STRICT_PROTOTYPES = YES;
				CLANG_WARN_SUSPICIOUS_MOVE = YES;
				CLANG_WARN_UNGUARDED_AVAILABILITY = YES_AGGRESSIVE;
				CLANG_WARN_UNREACHABLE_CODE = YES;
				CLANG_WARN__DUPLICATE_METHOD_MATCH = YES;
				COPY_PHASE_STRIP = NO;
				DEBUG_INFORMATION_FORMAT = dwarf;
				ENABLE_STRICT_OBJC_MSGSEND = YES;
				ENABLE_TESTABILITY = YES;
				GCC_C_LANGUAGE_STANDARD = gnu11;
				GCC_DYNAMIC_NO_PIC = NO;
				GCC_NO_COMMON_BLOCKS = YES;
				GCC_OPTIMIZATION_LEVEL = 0;
				GCC_PREPROCESSOR_DEFINITIONS = (
					"DEBUG=1",
					"$(inherited)",
				);
				GCC_WARN_64_TO_32_BIT_CONVERSION = YES;
				GCC_WARN_ABOUT_RETURN_TYPE = YES_ERROR;
				GCC_WARN_UNDECLARED_SELECTOR = YES;
				GCC_WARN_UNINITIALIZED_AUTOS = YES_AGGRESSIVE;
				GCC_WARN_UNUSED_FUNCTION = YES;
				GCC_WARN_UNUSED_VARIABLE = YES;
				IPHONEOS_DEPLOYMENT_TARGET = 14.0;
				MTL_ENABLE_DEBUG_INFO = INCLUDE_SOURCE;
				MTL_FAST_MATH = YES;
				ONLY_ACTIVE_ARCH = YES;
				SDKROOT = iphoneos;
				SWIFT_ACTIVE_COMPILATION_CONDITIONS = DEBUG;
				SWIFT_OPTIMIZATION_LEVEL = "-Onone";
			};
			name = Debug;
		};
		11DE7AB02535065700180411 /* Release */ = {
			isa = XCBuildConfiguration;
			buildSettings = {
				ALWAYS_SEARCH_USER_PATHS = NO;
				CLANG_ANALYZER_NONNULL = YES;
				CLANG_ANALYZER_NUMBER_OBJECT_CONVERSION = YES_AGGRESSIVE;
				CLANG_CXX_LANGUAGE_STANDARD = "gnu++14";
				CLANG_CXX_LIBRARY = "libc++";
				CLANG_ENABLE_MODULES = YES;
				CLANG_ENABLE_OBJC_ARC = YES;
				CLANG_ENABLE_OBJC_WEAK = YES;
				CLANG_WARN_BLOCK_CAPTURE_AUTORELEASING = YES;
				CLANG_WARN_BOOL_CONVERSION = YES;
				CLANG_WARN_COMMA = YES;
				CLANG_WARN_CONSTANT_CONVERSION = YES;
				CLANG_WARN_DEPRECATED_OBJC_IMPLEMENTATIONS = YES;
				CLANG_WARN_DIRECT_OBJC_ISA_USAGE = YES_ERROR;
				CLANG_WARN_DOCUMENTATION_COMMENTS = YES;
				CLANG_WARN_EMPTY_BODY = YES;
				CLANG_WARN_ENUM_CONVERSION = YES;
				CLANG_WARN_INFINITE_RECURSION = YES;
				CLANG_WARN_INT_CONVERSION = YES;
				CLANG_WARN_NON_LITERAL_NULL_CONVERSION = YES;
				CLANG_WARN_OBJC_IMPLICIT_RETAIN_SELF = YES;
				CLANG_WARN_OBJC_LITERAL_CONVERSION = YES;
				CLANG_WARN_OBJC_ROOT_CLASS = YES_ERROR;
				CLANG_WARN_QUOTED_INCLUDE_IN_FRAMEWORK_HEADER = YES;
				CLANG_WARN_RANGE_LOOP_ANALYSIS = YES;
				CLANG_WARN_STRICT_PROTOTYPES = YES;
				CLANG_WARN_SUSPICIOUS_MOVE = YES;
				CLANG_WARN_UNGUARDED_AVAILABILITY = YES_AGGRESSIVE;
				CLANG_WARN_UNREACHABLE_CODE = YES;
				CLANG_WARN__DUPLICATE_METHOD_MATCH = YES;
				COPY_PHASE_STRIP = NO;
				DEBUG_INFORMATION_FORMAT = "dwarf-with-dsym";
				ENABLE_NS_ASSERTIONS = NO;
				ENABLE_STRICT_OBJC_MSGSEND = YES;
				GCC_C_LANGUAGE_STANDARD = gnu11;
				GCC_NO_COMMON_BLOCKS = YES;
				GCC_WARN_64_TO_32_BIT_CONVERSION = YES;
				GCC_WARN_ABOUT_RETURN_TYPE = YES_ERROR;
				GCC_WARN_UNDECLARED_SELECTOR = YES;
				GCC_WARN_UNINITIALIZED_AUTOS = YES_AGGRESSIVE;
				GCC_WARN_UNUSED_FUNCTION = YES;
				GCC_WARN_UNUSED_VARIABLE = YES;
				IPHONEOS_DEPLOYMENT_TARGET = 14.0;
				MTL_ENABLE_DEBUG_INFO = NO;
				MTL_FAST_MATH = YES;
				SDKROOT = iphoneos;
				SWIFT_COMPILATION_MODE = wholemodule;
				SWIFT_OPTIMIZATION_LEVEL = "-O";
				VALIDATE_PRODUCT = YES;
			};
			name = Release;
		};
		11DE7AB22535065700180411 /* Debug */ = {
			isa = XCBuildConfiguration;
			baseConfigurationReference = D59ABD4726741E65522BCC7D /* Pods-Messenger.debug.xcconfig */;
			buildSettings = {
				ASSETCATALOG_COMPILER_APPICON_NAME = AppIcon;
				ASSETCATALOG_COMPILER_GLOBAL_ACCENT_COLOR_NAME = AccentColor;
				CODE_SIGN_STYLE = Automatic;
				DEVELOPMENT_TEAM = N8Z6DLFKLR;
				INFOPLIST_FILE = Messenger/Info.plist;
				LD_RUNPATH_SEARCH_PATHS = (
					"$(inherited)",
					"@executable_path/Frameworks",
				);
				PRODUCT_BUNDLE_IDENTIFIER = com.stanleytraub.Messenger;
				PRODUCT_NAME = "$(TARGET_NAME)";
				SWIFT_VERSION = 5.0;
				TARGETED_DEVICE_FAMILY = "1,2";
			};
			name = Debug;
		};
		11DE7AB32535065700180411 /* Release */ = {
			isa = XCBuildConfiguration;
			baseConfigurationReference = 19D4FC3DB0B7BAEE44FB0516 /* Pods-Messenger.release.xcconfig */;
			buildSettings = {
				ASSETCATALOG_COMPILER_APPICON_NAME = AppIcon;
				ASSETCATALOG_COMPILER_GLOBAL_ACCENT_COLOR_NAME = AccentColor;
				CODE_SIGN_STYLE = Automatic;
				DEVELOPMENT_TEAM = N8Z6DLFKLR;
				INFOPLIST_FILE = Messenger/Info.plist;
				LD_RUNPATH_SEARCH_PATHS = (
					"$(inherited)",
					"@executable_path/Frameworks",
				);
				PRODUCT_BUNDLE_IDENTIFIER = com.stanleytraub.Messenger;
				PRODUCT_NAME = "$(TARGET_NAME)";
				SWIFT_VERSION = 5.0;
				TARGETED_DEVICE_FAMILY = "1,2";
			};
			name = Release;
		};
/* End XCBuildConfiguration section */

/* Begin XCConfigurationList section */
		11DE7A982535065500180411 /* Build configuration list for PBXProject "Messenger" */ = {
			isa = XCConfigurationList;
			buildConfigurations = (
				11DE7AAF2535065700180411 /* Debug */,
				11DE7AB02535065700180411 /* Release */,
			);
			defaultConfigurationIsVisible = 0;
			defaultConfigurationName = Release;
		};
		11DE7AB12535065700180411 /* Build configuration list for PBXNativeTarget "Messenger" */ = {
			isa = XCConfigurationList;
			buildConfigurations = (
				11DE7AB22535065700180411 /* Debug */,
				11DE7AB32535065700180411 /* Release */,
			);
			defaultConfigurationIsVisible = 0;
			defaultConfigurationName = Release;
		};
/* End XCConfigurationList section */
	};
	rootObject = 11DE7A952535065500180411 /* Project object */;
}
